
Microsoft Visual Studio Solution File, Format Version 12.00
# Visual Studio Express 2013 for Web
VisualStudioVersion = 12.0.31101.0
MinimumVisualStudioVersion = 10.0.40219.1
Project("{FAE04EC0-301F-11D3-BF4B-00C04F79EFBC}") = "POSAccount", "POSAccount\POSAccount.csproj", "{67763A13-0E4D-47D1-BB25-0613E14D08C3}"
EndProject
Project("{FAE04EC0-301F-11D3-BF4B-00C04F79EFBC}") = "POSAccount.DataFactory", "POSAccount.DataFactory\POSAccount.DataFactory.csproj", "{3C67F7B2-611A-4A2D-9337-731337E4646D}"
EndProject
Project("{FAE04EC0-301F-11D3-BF4B-00C04F79EFBC}") = "POSAccount.BusinessFactory", "POSAccount.BusinessFactory\POSAccount.BusinessFactory.csproj", "{307E4877-F05B-4B1B-AA60-06F9DEBB38F5}"
EndProject
Project("{FAE04EC0-301F-11D3-BF4B-00C04F79EFBC}") = "POSAccount.Contract", "POSAccount.Contract\POSAccount.Contract.csproj", "{16781035-C84A-4E41-A56D-E475E6D75296}"
EndProject
Global
	GlobalSection(SolutionConfigurationPlatforms) = preSolution
		Debug|Any CPU = Debug|Any CPU
		Release|Any CPU = Release|Any CPU
	EndGlobalSection
	GlobalSection(ProjectConfigurationPlatforms) = postSolution
		{67763A13-0E4D-47D1-BB25-0613E14D08C3}.Debug|Any CPU.ActiveCfg = Debug|Any CPU
		{67763A13-0E4D-47D1-BB25-0613E14D08C3}.Debug|Any CPU.Build.0 = Debug|Any CPU
		{67763A13-0E4D-47D1-BB25-0613E14D08C3}.Release|Any CPU.ActiveCfg = Release|Any CPU
		{67763A13-0E4D-47D1-BB25-0613E14D08C3}.Release|Any CPU.Build.0 = Release|Any CPU
		{3C67F7B2-611A-4A2D-9337-731337E4646D}.Debug|Any CPU.ActiveCfg = Debug|Any CPU
		{3C67F7B2-611A-4A2D-9337-731337E4646D}.Debug|Any CPU.Build.0 = Debug|Any CPU
		{3C67F7B2-611A-4A2D-9337-731337E4646D}.Release|Any CPU.ActiveCfg = Release|Any CPU
		{3C67F7B2-611A-4A2D-9337-731337E4646D}.Release|Any CPU.Build.0 = Release|Any CPU
		{307E4877-F05B-4B1B-AA60-06F9DEBB38F5}.Debug|Any CPU.ActiveCfg = Debug|Any CPU
		{307E4877-F05B-4B1B-AA60-06F9DEBB38F5}.Debug|Any CPU.Build.0 = Debug|Any CPU
		{307E4877-F05B-4B1B-AA60-06F9DEBB38F5}.Release|Any CPU.ActiveCfg = Release|Any CPU
		{307E4877-F05B-4B1B-AA60-06F9DEBB38F5}.Release|Any CPU.Build.0 = Release|Any CPU
		{16781035-C84A-4E41-A56D-E475E6D75296}.Debug|Any CPU.ActiveCfg = Debug|Any CPU
		{16781035-C84A-4E41-A56D-E475E6D75296}.Debug|Any CPU.Build.0 = Debug|Any CPU
		{16781035-C84A-4E41-A56D-E475E6D75296}.Release|Any CPU.ActiveCfg = Release|Any CPU
		{16781035-C84A-4E41-A56D-E475E6D75296}.Release|Any CPU.Build.0 = Release|Any CPU
	EndGlobalSection
	GlobalSection(SolutionProperties) = preSolution
		HideSolutionNode = FALSE
	EndGlobalSection
	GlobalSection(ExtensibilityGlobals) = postSolution
		EnterpriseLibraryConfigurationToolBinariesPathV6 = packages\EnterpriseLibrary.Common.6.0.1304.0\lib\NET45
		EnterpriseLibraryConfigurationToolBinariesPath = packages\Unity.2.1.505.0\lib\NET35;packages\Unity.Interception.2.1.505.0\lib\NET35;packages\EnterpriseLibrary.Common.5.0.505.0\lib\NET35
	EndGlobalSection
EndGlobal
